
Microsoft Visual Studio Solution File, Format Version 12.00
# Visual Studio Version 17
VisualStudioVersion = 17.11.35327.3
MinimumVisualStudioVersion = 10.0.40219.1
Project("{8BC9CEB8-8B4A-11D0-8D11-00A0C91BC942}") = "Program", "Program.vcxproj", "{84BCB8B9-26B1-4F1A-A5A4-10E7933BAD28}"
EndProject
Project("{8BC9CEB8-8B4A-11D0-8D11-00A0C91BC942}") = "Class1th (Single Linked List)", "..\Class1th (Single Linked List)\Class1th (Single Linked List).vcxproj", "{12E605CB-1178-41D0-ABB2-91FDC08C569D}"
EndProject
Project("{8BC9CEB8-8B4A-11D0-8D11-00A0C91BC942}") = "Class2th (Double Linked List)", "..\Class2th (Double Linked List)\Class2th (Double Linked List).vcxproj", "{0DB26C1F-F3F1-43F0-A9A1-2D2916D34762}"
EndProject
Project("{8BC9CEB8-8B4A-11D0-8D11-00A0C91BC942}") = "Class3th (Circle Linked List)", "..\Class3th (Circle Linked List)\Class3th (Circle Linked List).vcxproj", "{1B9A3A27-40B3-4B7F-B778-AF46D4C754E4}"
EndProject
Project("{8BC9CEB8-8B4A-11D0-8D11-00A0C91BC942}") = "Class4th (Stack)", "..\Class4th (Stack)\Class4th (Stack).vcxproj", "{04188832-6C9E-4D76-B348-B988BD01E77A}"
EndProject
Project("{8BC9CEB8-8B4A-11D0-8D11-00A0C91BC942}") = "Class5th (Linear Queue)", "..\Class5th (Linear Queue)\Class5th (Linear Queue).vcxproj", "{25A5C667-B710-44BA-8E55-B23AC8F4D3CF}"
EndProject
Project("{8BC9CEB8-8B4A-11D0-8D11-00A0C91BC942}") = "Class6th (Circle Queue)", "..\Class6th (Circle Queue)\Class6th (Circle Queue).vcxproj", "{F4EF11B2-21BB-40BE-99FA-F6E24D813461}"
EndProject
Project("{8BC9CEB8-8B4A-11D0-8D11-00A0C91BC942}") = "Class7th (Vector)", "..\Class7th (Vector)\Class7th (Vector).vcxproj", "{8DA1570C-5089-465F-B660-A947CB94E852}"
EndProject
Global
	GlobalSection(SolutionConfigurationPlatforms) = preSolution
		Debug|x64 = Debug|x64
		Debug|x86 = Debug|x86
		Release|x64 = Release|x64
		Release|x86 = Release|x86
	EndGlobalSection
	GlobalSection(ProjectConfigurationPlatforms) = postSolution
		{84BCB8B9-26B1-4F1A-A5A4-10E7933BAD28}.Debug|x64.ActiveCfg = Debug|x64
		{84BCB8B9-26B1-4F1A-A5A4-10E7933BAD28}.Debug|x64.Build.0 = Debug|x64
		{84BCB8B9-26B1-4F1A-A5A4-10E7933BAD28}.Debug|x86.ActiveCfg = Debug|Win32
		{84BCB8B9-26B1-4F1A-A5A4-10E7933BAD28}.Debug|x86.Build.0 = Debug|Win32
		{84BCB8B9-26B1-4F1A-A5A4-10E7933BAD28}.Release|x64.ActiveCfg = Release|x64
		{84BCB8B9-26B1-4F1A-A5A4-10E7933BAD28}.Release|x64.Build.0 = Release|x64
		{84BCB8B9-26B1-4F1A-A5A4-10E7933BAD28}.Release|x86.ActiveCfg = Release|Win32
		{84BCB8B9-26B1-4F1A-A5A4-10E7933BAD28}.Release|x86.Build.0 = Release|Win32
		{12E605CB-1178-41D0-ABB2-91FDC08C569D}.Debug|x64.ActiveCfg = Debug|x64
		{12E605CB-1178-41D0-ABB2-91FDC08C569D}.Debug|x64.Build.0 = Debug|x64
		{12E605CB-1178-41D0-ABB2-91FDC08C569D}.Debug|x86.ActiveCfg = Debug|Win32
		{12E605CB-1178-41D0-ABB2-91FDC08C569D}.Debug|x86.Build.0 = Debug|Win32
		{12E605CB-1178-41D0-ABB2-91FDC08C569D}.Release|x64.ActiveCfg = Release|x64
		{12E605CB-1178-41D0-ABB2-91FDC08C569D}.Release|x64.Build.0 = Release|x64
		{12E605CB-1178-41D0-ABB2-91FDC08C569D}.Release|x86.ActiveCfg = Release|Win32
		{12E605CB-1178-41D0-ABB2-91FDC08C569D}.Release|x86.Build.0 = Release|Win32
		{0DB26C1F-F3F1-43F0-A9A1-2D2916D34762}.Debug|x64.ActiveCfg = Debug|x64
		{0DB26C1F-F3F1-43F0-A9A1-2D2916D34762}.Debug|x64.Build.0 = Debug|x64
		{0DB26C1F-F3F1-43F0-A9A1-2D2916D34762}.Debug|x86.ActiveCfg = Debug|Win32
		{0DB26C1F-F3F1-43F0-A9A1-2D2916D34762}.Debug|x86.Build.0 = Debug|Win32
		{0DB26C1F-F3F1-43F0-A9A1-2D2916D34762}.Release|x64.ActiveCfg = Release|x64
		{0DB26C1F-F3F1-43F0-A9A1-2D2916D34762}.Release|x64.Build.0 = Release|x64
		{0DB26C1F-F3F1-43F0-A9A1-2D2916D34762}.Release|x86.ActiveCfg = Release|Win32
		{0DB26C1F-F3F1-43F0-A9A1-2D2916D34762}.Release|x86.Build.0 = Release|Win32
		{1B9A3A27-40B3-4B7F-B778-AF46D4C754E4}.Debug|x64.ActiveCfg = Debug|x64
		{1B9A3A27-40B3-4B7F-B778-AF46D4C754E4}.Debug|x64.Build.0 = Debug|x64
		{1B9A3A27-40B3-4B7F-B778-AF46D4C754E4}.Debug|x86.ActiveCfg = Debug|Win32
		{1B9A3A27-40B3-4B7F-B778-AF46D4C754E4}.Debug|x86.Build.0 = Debug|Win32
		{1B9A3A27-40B3-4B7F-B778-AF46D4C754E4}.Release|x64.ActiveCfg = Release|x64
		{1B9A3A27-40B3-4B7F-B778-AF46D4C754E4}.Release|x64.Build.0 = Release|x64
		{1B9A3A27-40B3-4B7F-B778-AF46D4C754E4}.Release|x86.ActiveCfg = Release|Win32
		{1B9A3A27-40B3-4B7F-B778-AF46D4C754E4}.Release|x86.Build.0 = Release|Win32
		{04188832-6C9E-4D76-B348-B988BD01E77A}.Debug|x64.ActiveCfg = Debug|x64
		{04188832-6C9E-4D76-B348-B988BD01E77A}.Debug|x64.Build.0 = Debug|x64
		{04188832-6C9E-4D76-B348-B988BD01E77A}.Debug|x86.ActiveCfg = Debug|Win32
		{04188832-6C9E-4D76-B348-B988BD01E77A}.Debug|x86.Build.0 = Debug|Win32
		{04188832-6C9E-4D76-B348-B988BD01E77A}.Release|x64.ActiveCfg = Release|x64
		{04188832-6C9E-4D76-B348-B988BD01E77A}.Release|x64.Build.0 = Release|x64
		{04188832-6C9E-4D76-B348-B988BD01E77A}.Release|x86.ActiveCfg = Release|Win32
		{04188832-6C9E-4D76-B348-B988BD01E77A}.Release|x86.Build.0 = Release|Win32
		{25A5C667-B710-44BA-8E55-B23AC8F4D3CF}.Debug|x64.ActiveCfg = Debug|x64
		{25A5C667-B710-44BA-8E55-B23AC8F4D3CF}.Debug|x64.Build.0 = Debug|x64
		{25A5C667-B710-44BA-8E55-B23AC8F4D3CF}.Debug|x86.ActiveCfg = Debug|Win32
		{25A5C667-B710-44BA-8E55-B23AC8F4D3CF}.Debug|x86.Build.0 = Debug|Win32
		{25A5C667-B710-44BA-8E55-B23AC8F4D3CF}.Release|x64.ActiveCfg = Release|x64
		{25A5C667-B710-44BA-8E55-B23AC8F4D3CF}.Release|x64.Build.0 = Release|x64
		{25A5C667-B710-44BA-8E55-B23AC8F4D3CF}.Release|x86.ActiveCfg = Release|Win32
		{25A5C667-B710-44BA-8E55-B23AC8F4D3CF}.Release|x86.Build.0 = Release|Win32
		{F4EF11B2-21BB-40BE-99FA-F6E24D813461}.Debug|x64.ActiveCfg = Debug|x64
		{F4EF11B2-21BB-40BE-99FA-F6E24D813461}.Debug|x64.Build.0 = Debug|x64
		{F4EF11B2-21BB-40BE-99FA-F6E24D813461}.Debug|x86.ActiveCfg = Debug|Win32
		{F4EF11B2-21BB-40BE-99FA-F6E24D813461}.Debug|x86.Build.0 = Debug|Win32
		{F4EF11B2-21BB-40BE-99FA-F6E24D813461}.Release|x64.ActiveCfg = Release|x64
		{F4EF11B2-21BB-40BE-99FA-F6E24D813461}.Release|x64.Build.0 = Release|x64
		{F4EF11B2-21BB-40BE-99FA-F6E24D813461}.Release|x86.ActiveCfg = Release|Win32
		{F4EF11B2-21BB-40BE-99FA-F6E24D813461}.Release|x86.Build.0 = Release|Win32
		{8DA1570C-5089-465F-B660-A947CB94E852}.Debug|x64.ActiveCfg = Debug|x64
		{8DA1570C-5089-465F-B660-A947CB94E852}.Debug|x64.Build.0 = Debug|x64
		{8DA1570C-5089-465F-B660-A947CB94E852}.Debug|x86.ActiveCfg = Debug|Win32
		{8DA1570C-5089-465F-B660-A947CB94E852}.Debug|x86.Build.0 = Debug|Win32
		{8DA1570C-5089-465F-B660-A947CB94E852}.Release|x64.ActiveCfg = Release|x64
		{8DA1570C-5089-465F-B660-A947CB94E852}.Release|x64.Build.0 = Release|x64
		{8DA1570C-5089-465F-B660-A947CB94E852}.Release|x86.ActiveCfg = Release|Win32
		{8DA1570C-5089-465F-B660-A947CB94E852}.Release|x86.Build.0 = Release|Win32
	EndGlobalSection
	GlobalSection(SolutionProperties) = preSolution
		HideSolutionNode = FALSE
	EndGlobalSection
	GlobalSection(ExtensibilityGlobals) = postSolution
		SolutionGuid = {49E3DB8F-0EC5-47A6-8D52-85BAABC44D16}
	EndGlobalSection
EndGlobal
